
Microsoft Visual Studio Solution File, Format Version 12.00
Project("{FAE04EC0-301F-11D3-BF4B-00C04F79EFBC}") = "FluentReflections", "FluentReflections\FluentReflections.csproj", "{106911DB-9790-4DB7-8E58-A6FC690C1E8A}"
EndProject
Project("{FAE04EC0-301F-11D3-BF4B-00C04F79EFBC}") = "Tests", "Tests\Tests.csproj", "{E835F587-336F-4135-805A-BE82EA88C250}"
EndProject
Global
	GlobalSection(SolutionConfigurationPlatforms) = preSolution
		Debug|Any CPU = Debug|Any CPU
		Release|Any CPU = Release|Any CPU
	EndGlobalSection
	GlobalSection(ProjectConfigurationPlatforms) = postSolution
		{106911DB-9790-4DB7-8E58-A6FC690C1E8A}.Debug|Any CPU.ActiveCfg = Debug|Any CPU
		{106911DB-9790-4DB7-8E58-A6FC690C1E8A}.Debug|Any CPU.Build.0 = Debug|Any CPU
		{106911DB-9790-4DB7-8E58-A6FC690C1E8A}.Release|Any CPU.ActiveCfg = Release|Any CPU
		{106911DB-9790-4DB7-8E58-A6FC690C1E8A}.Release|Any CPU.Build.0 = Release|Any CPU
		{E835F587-336F-4135-805A-BE82EA88C250}.Debug|Any CPU.ActiveCfg = Debug|Any CPU
		{E835F587-336F-4135-805A-BE82EA88C250}.Debug|Any CPU.Build.0 = Debug|Any CPU
		{E835F587-336F-4135-805A-BE82EA88C250}.Release|Any CPU.ActiveCfg = Release|Any CPU
		{E835F587-336F-4135-805A-BE82EA88C250}.Release|Any CPU.Build.0 = Release|Any CPU
	EndGlobalSection
EndGlobal
